
Microsoft Visual Studio Solution File, Format Version 12.00
# Visual Studio 2012
Project("{FAE04EC0-301F-11D3-BF4B-00C04F79EFBC}") = "FieldMaxTest", "FieldMaxTest.csproj", "{486B65F4-6636-4BDD-BBC0-E809D79A7202}"
EndProject
Global
	GlobalSection(SolutionConfigurationPlatforms) = preSolution
		Debug|Any CPU = Debug|Any CPU
		Release|Any CPU = Release|Any CPU
	EndGlobalSection
	GlobalSection(ProjectConfigurationPlatforms) = postSolution
		{486B65F4-6636-4BDD-BBC0-E809D79A7202}.Debug|Any CPU.ActiveCfg = Debug|Any CPU
		{486B65F4-6636-4BDD-BBC0-E809D79A7202}.Debug|Any CPU.Build.0 = Debug|Any CPU
		{486B65F4-6636-4BDD-BBC0-E809D79A7202}.Release|Any CPU.ActiveCfg = Release|Any CPU
		{486B65F4-6636-4BDD-BBC0-E809D79A7202}.Release|Any CPU.Build.0 = Release|Any CPU
	EndGlobalSection
	GlobalSection(SolutionProperties) = preSolution
		HideSolutionNode = FALSE
	EndGlobalSection
EndGlobal
